// !$*UTF8*$!
{
	archiveVersion = 1;
	classes = {
	};
	objectVersion = 46;
	objects = {

/* Begin PBXBuildFile section */
		01A77A971B1F194A007CB351 /* ColoumnMasterViewController.swift in Sources */ = {isa = PBXBuildFile; fileRef = 01A77A961B1F194A007CB351 /* ColoumnMasterViewController.swift */; };
		01E97BA51B1E0DA7007CB351 /* AppDelegate.swift in Sources */ = {isa = PBXBuildFile; fileRef = 01E97BA41B1E0DA7007CB351 /* AppDelegate.swift */; };
		01E97BA71B1E0DA7007CB351 /* ViewController.swift in Sources */ = {isa = PBXBuildFile; fileRef = 01E97BA61B1E0DA7007CB351 /* ViewController.swift */; };
		01E97BAA1B1E0DA7007CB351 /* UIrowsExample.xcdatamodeld in Sources */ = {isa = PBXBuildFile; fileRef = 01E97BA81B1E0DA7007CB351 /* UIrowsExample.xcdatamodeld */; };
		01E97BAC1B1E0DA7007CB351 /* Images.xcassets in Resources */ = {isa = PBXBuildFile; fileRef = 01E97BAB1B1E0DA7007CB351 /* Images.xcassets */; };
		01E97BAF1B1E0DA7007CB351 /* Main.storyboard in Resources */ = {isa = PBXBuildFile; fileRef = 01E97BAD1B1E0DA7007CB351 /* Main.storyboard */; };
/* End PBXBuildFile section */

/* Begin PBXContainerItemProxy section */
		01E97BB51B1E0DA7007CB351 /* PBXContainerItemProxy */ = {
			isa = PBXContainerItemProxy;
			containerPortal = 01E97B971B1E0DA7007CB351 /* Project object */;
			proxyType = 1;
			remoteGlobalIDString = 01E97B9E1B1E0DA7007CB351;
			remoteInfo = UIrowsExample;
		};
/* End PBXContainerItemProxy section */

/* Begin PBXFileReference section */
		01A77A961B1F194A007CB351 /* ColoumnMasterViewController.swift */ = {isa = PBXFileReference; fileEncoding = 4; lastKnownFileType = sourcecode.swift; path = ColoumnMasterViewController.swift; sourceTree = "<group>"; };
		01E97B9F1B1E0DA7007CB351 /* DynamicScrollViewExample.app */ = {isa = PBXFileReference; explicitFileType = wrapper.application; includeInIndex = 0; path = DynamicScrollViewExample.app; sourceTree = BUILT_PRODUCTS_DIR; };
		01E97BA31B1E0DA7007CB351 /* Info.plist */ = {isa = PBXFileReference; lastKnownFileType = text.plist.xml; path = Info.plist; sourceTree = "<group>"; };
		01E97BA41B1E0DA7007CB351 /* AppDelegate.swift */ = {isa = PBXFileReference; lastKnownFileType = sourcecode.swift; path = AppDelegate.swift; sourceTree = "<group>"; };
		01E97BA61B1E0DA7007CB351 /* ViewController.swift */ = {isa = PBXFileReference; lastKnownFileType = sourcecode.swift; path = ViewController.swift; sourceTree = "<group>"; };
		01E97BA91B1E0DA7007CB351 /* UIrowsExample.xcdatamodel */ = {isa = PBXFileReference; lastKnownFileType = wrapper.xcdatamodel; path = UIrowsExample.xcdatamodel; sourceTree = "<group>"; };
		01E97BAB1B1E0DA7007CB351 /* Images.xcassets */ = {isa = PBXFileReference; lastKnownFileType = folder.assetcatalog; path = Images.xcassets; sourceTree = "<group>"; };
		01E97BAE1B1E0DA7007CB351 /* Base */ = {isa = PBXFileReference; lastKnownFileType = file.storyboard; name = Base; path = Base.lproj/Main.storyboard; sourceTree = "<group>"; };
		01E97BB41B1E0DA7007CB351 /* DynamicScrollViewExampleTests.xctest */ = {isa = PBXFileReference; explicitFileType = wrapper.cfbundle; includeInIndex = 0; path = DynamicScrollViewExampleTests.xctest; sourceTree = BUILT_PRODUCTS_DIR; };
		01E97BC41B1E0DB3007CB351 /* UIrowsExample.entitlements */ = {isa = PBXFileReference; lastKnownFileType = text.xml; path = UIrowsExample.entitlements; sourceTree = "<group>"; };
/* End PBXFileReference section */

/* Begin PBXFrameworksBuildPhase section */
		01E97B9C1B1E0DA7007CB351 /* Frameworks */ = {
			isa = PBXFrameworksBuildPhase;
			buildActionMask = 2147483647;
			files = (
			);
			runOnlyForDeploymentPostprocessing = 0;
		};
		01E97BB11B1E0DA7007CB351 /* Frameworks */ = {
			isa = PBXFrameworksBuildPhase;
			buildActionMask = 2147483647;
			files = (
			);
			runOnlyForDeploymentPostprocessing = 0;
		};
/* End PBXFrameworksBuildPhase section */

/* Begin PBXGroup section */
		0157F8511B1E50B3007CB351 /* Views */ = {
			isa = PBXGroup;
			children = (
			);
			name = Views;
			sourceTree = "<group>";
		};
		0157F8541B1E5318007CB351 /* UI */ = {
			isa = PBXGroup;
			children = (
				01E97BAD1B1E0DA7007CB351 /* Main.storyboard */,
			);
			name = UI;
			sourceTree = "<group>";
		};
		01A77A951B1F1921007CB351 /* ViewController */ = {
			isa = PBXGroup;
			children = (
				01E97BA61B1E0DA7007CB351 /* ViewController.swift */,
				01A77A961B1F194A007CB351 /* ColoumnMasterViewController.swift */,
			);
			name = ViewController;
			sourceTree = "<group>";
		};
		01E97B961B1E0DA7007CB351 = {
			isa = PBXGroup;
			children = (
				01E97BA11B1E0DA7007CB351 /* DynamicScrollViewExample */,
				01E97BA01B1E0DA7007CB351 /* Products */,
			);
			sourceTree = "<group>";
		};
		01E97BA01B1E0DA7007CB351 /* Products */ = {
			isa = PBXGroup;
			children = (
				01E97B9F1B1E0DA7007CB351 /* DynamicScrollViewExample.app */,
				01E97BB41B1E0DA7007CB351 /* DynamicScrollViewExampleTests.xctest */,
			);
			name = Products;
			sourceTree = "<group>";
		};
		01E97BA11B1E0DA7007CB351 /* DynamicScrollViewExample */ = {
			isa = PBXGroup;
			children = (
				0157F8541B1E5318007CB351 /* UI */,
				0157F8511B1E50B3007CB351 /* Views */,
				01A77A951B1F1921007CB351 /* ViewController */,
				01E97BA41B1E0DA7007CB351 /* AppDelegate.swift */,
				01E97BA21B1E0DA7007CB351 /* Supporting Files */,
			);
			name = DynamicScrollViewExample;
			path = Source;
			sourceTree = "<group>";
		};
		01E97BA21B1E0DA7007CB351 /* Supporting Files */ = {
			isa = PBXGroup;
			children = (
				01E97BAB1B1E0DA7007CB351 /* Images.xcassets */,
				01E97BC41B1E0DB3007CB351 /* UIrowsExample.entitlements */,
				01E97BA81B1E0DA7007CB351 /* UIrowsExample.xcdatamodeld */,
				01E97BA31B1E0DA7007CB351 /* Info.plist */,
			);
			name = "Supporting Files";
			sourceTree = "<group>";
		};
/* End PBXGroup section */

/* Begin PBXNativeTarget section */
		01E97B9E1B1E0DA7007CB351 /* DynamicScrollViewExample */ = {
			isa = PBXNativeTarget;
			buildConfigurationList = 01E97BBE1B1E0DA8007CB351 /* Build configuration list for PBXNativeTarget "DynamicScrollViewExample" */;
			buildPhases = (
				01E97B9B1B1E0DA7007CB351 /* Sources */,
				01E97B9C1B1E0DA7007CB351 /* Frameworks */,
				01E97B9D1B1E0DA7007CB351 /* Resources */,
			);
			buildRules = (
			);
			dependencies = (
			);
			name = DynamicScrollViewExample;
			productName = UIrowsExample;
			productReference = 01E97B9F1B1E0DA7007CB351 /* DynamicScrollViewExample.app */;
			productType = "com.apple.product-type.application";
		};
		01E97BB31B1E0DA7007CB351 /* DynamicScrollViewExampleTests */ = {
			isa = PBXNativeTarget;
			buildConfigurationList = 01E97BC11B1E0DA8007CB351 /* Build configuration list for PBXNativeTarget "DynamicScrollViewExampleTests" */;
			buildPhases = (
				01E97BB01B1E0DA7007CB351 /* Sources */,
				01E97BB11B1E0DA7007CB351 /* Frameworks */,
				01E97BB21B1E0DA7007CB351 /* Resources */,
			);
			buildRules = (
			);
			dependencies = (
				01E97BB61B1E0DA7007CB351 /* PBXTargetDependency */,
			);
			name = DynamicScrollViewExampleTests;
			productName = UIrowsExampleTests;
			productReference = 01E97BB41B1E0DA7007CB351 /* DynamicScrollViewExampleTests.xctest */;
			productType = "com.apple.product-type.bundle.unit-test";
		};
/* End PBXNativeTarget section */

/* Begin PBXProject section */
		01E97B971B1E0DA7007CB351 /* Project object */ = {
			isa = PBXProject;
			attributes = {
				LastUpgradeCheck = 0630;
				ORGANIZATIONNAME = "aus der Technik";
				TargetAttributes = {
					01E97B9E1B1E0DA7007CB351 = {
						CreatedOnToolsVersion = 6.3.2;
						SystemCapabilities = {
							com.apple.Sandbox = {
								enabled = 1;
							};
						};
					};
					01E97BB31B1E0DA7007CB351 = {
						CreatedOnToolsVersion = 6.3.2;
						TestTargetID = 01E97B9E1B1E0DA7007CB351;
					};
				};
			};
			buildConfigurationList = 01E97B9A1B1E0DA7007CB351 /* Build configuration list for PBXProject "DynamicScrollViewExample" */;
			compatibilityVersion = "Xcode 3.2";
			developmentRegion = English;
			hasScannedForEncodings = 0;
			knownRegions = (
				en,
				Base,
			);
			mainGroup = 01E97B961B1E0DA7007CB351;
			productRefGroup = 01E97BA01B1E0DA7007CB351 /* Products */;
			projectDirPath = "";
			projectRoot = "";
			targets = (
				01E97B9E1B1E0DA7007CB351 /* DynamicScrollViewExample */,
				01E97BB31B1E0DA7007CB351 /* DynamicScrollViewExampleTests */,
			);
		};
/* End PBXProject section */

/* Begin PBXResourcesBuildPhase section */
		01E97B9D1B1E0DA7007CB351 /* Resources */ = {
			isa = PBXResourcesBuildPhase;
			buildActionMask = 2147483647;
			files = (
				01E97BAC1B1E0DA7007CB351 /* Images.xcassets in Resources */,
				01E97BAF1B1E0DA7007CB351 /* Main.storyboard in Resources */,
			);
			runOnlyForDeploymentPostprocessing = 0;
		};
		01E97BB21B1E0DA7007CB351 /* Resources */ = {
			isa = PBXResourcesBuildPhase;
			buildActionMask = 2147483647;
			files = (
			);
			runOnlyForDeploymentPostprocessing = 0;
		};
/* End PBXResourcesBuildPhase section */

/* Begin PBXSourcesBuildPhase section */
		01E97B9B1B1E0DA7007CB351 /* Sources */ = {
			isa = PBXSourcesBuildPhase;
			buildActionMask = 2147483647;
			files = (
				01A77A971B1F194A007CB351 /* ColoumnMasterViewController.swift in Sources */,
				01E97BA71B1E0DA7007CB351 /* ViewController.swift in Sources */,
				01E97BA51B1E0DA7007CB351 /* AppDelegate.swift in Sources */,
				01E97BAA1B1E0DA7007CB351 /* UIrowsExample.xcdatamodeld in Sources */,
			);
			runOnlyForDeploymentPostprocessing = 0;
		};
		01E97BB01B1E0DA7007CB351 /* Sources */ = {
			isa = PBXSourcesBuildPhase;
			buildActionMask = 2147483647;
			files = (
			);
			runOnlyForDeploymentPostprocessing = 0;
		};
/* End PBXSourcesBuildPhase section */

/* Begin PBXTargetDependency section */
		01E97BB61B1E0DA7007CB351 /* PBXTargetDependency */ = {
			isa = PBXTargetDependency;
			target = 01E97B9E1B1E0DA7007CB351 /* DynamicScrollViewExample */;
			targetProxy = 01E97BB51B1E0DA7007CB351 /* PBXContainerItemProxy */;
		};
/* End PBXTargetDependency section */

/* Begin PBXVariantGroup section */
		01E97BAD1B1E0DA7007CB351 /* Main.storyboard */ = {
			isa = PBXVariantGroup;
			children = (
				01E97BAE1B1E0DA7007CB351 /* Base */,
			);
			name = Main.storyboard;
			sourceTree = "<group>";
		};
/* End PBXVariantGroup section */

/* Begin XCBuildConfiguration section */
		01E97BBC1B1E0DA8007CB351 /* Debug */ = {
			isa = XCBuildConfiguration;
			buildSettings = {
				ALWAYS_SEARCH_USER_PATHS = NO;
				CLANG_CXX_LANGUAGE_STANDARD = "gnu++0x";
				CLANG_CXX_LIBRARY = "libc++";
				CLANG_ENABLE_MODULES = YES;
				CLANG_ENABLE_OBJC_ARC = YES;
				CLANG_WARN_BOOL_CONVERSION = YES;
				CLANG_WARN_CONSTANT_CONVERSION = YES;
				CLANG_WARN_DIRECT_OBJC_ISA_USAGE = YES_ERROR;
				CLANG_WARN_EMPTY_BODY = YES;
				CLANG_WARN_ENUM_CONVERSION = YES;
				CLANG_WARN_INT_CONVERSION = YES;
				CLANG_WARN_OBJC_ROOT_CLASS = YES_ERROR;
				CLANG_WARN_UNREACHABLE_CODE = YES;
				CLANG_WARN__DUPLICATE_METHOD_MATCH = YES;
				CODE_SIGN_IDENTITY = "-";
				COPY_PHASE_STRIP = NO;
				DEBUG_INFORMATION_FORMAT = dwarf;
				ENABLE_STRICT_OBJC_MSGSEND = YES;
				GCC_C_LANGUAGE_STANDARD = gnu99;
				GCC_DYNAMIC_NO_PIC = NO;
				GCC_NO_COMMON_BLOCKS = YES;
				GCC_OPTIMIZATION_LEVEL = 0;
				GCC_PREPROCESSOR_DEFINITIONS = (
					"DEBUG=1",
					"$(inherited)",
				);
				GCC_SYMBOLS_PRIVATE_EXTERN = NO;
				GCC_WARN_64_TO_32_BIT_CONVERSION = YES;
				GCC_WARN_ABOUT_RETURN_TYPE = YES_ERROR;
				GCC_WARN_UNDECLARED_SELECTOR = YES;
				GCC_WARN_UNINITIALIZED_AUTOS = YES_AGGRESSIVE;
				GCC_WARN_UNUSED_FUNCTION = YES;
				GCC_WARN_UNUSED_VARIABLE = YES;
				MACOSX_DEPLOYMENT_TARGET = 10.10;
				MTL_ENABLE_DEBUG_INFO = YES;
				ONLY_ACTIVE_ARCH = YES;
				SDKROOT = macosx;
				SWIFT_OPTIMIZATION_LEVEL = "-Onone";
			};
			name = Debug;
		};
		01E97BBD1B1E0DA8007CB351 /* Release */ = {
			isa = XCBuildConfiguration;
			buildSettings = {
				ALWAYS_SEARCH_USER_PATHS = NO;
				CLANG_CXX_LANGUAGE_STANDARD = "gnu++0x";
				CLANG_CXX_LIBRARY = "libc++";
				CLANG_ENABLE_MODULES = YES;
				CLANG_ENABLE_OBJC_ARC = YES;
				CLANG_WARN_BOOL_CONVERSION = YES;
				CLANG_WARN_CONSTANT_CONVERSION = YES;
				CLANG_WARN_DIRECT_OBJC_ISA_USAGE = YES_ERROR;
				CLANG_WARN_EMPTY_BODY = YES;
				CLANG_WARN_ENUM_CONVERSION = YES;
				CLANG_WARN_INT_CONVERSION = YES;
				CLANG_WARN_OBJC_ROOT_CLASS = YES_ERROR;
				CLANG_WARN_UNREACHABLE_CODE = YES;
				CLANG_WARN__DUPLICATE_METHOD_MATCH = YES;
				CODE_SIGN_IDENTITY = "-";
				COPY_PHASE_STRIP = NO;
				DEBUG_INFORMATION_FORMAT = "dwarf-with-dsym";
				ENABLE_NS_ASSERTIONS = NO;
				ENABLE_STRICT_OBJC_MSGSEND = YES;
				GCC_C_LANGUAGE_STANDARD = gnu99;
				GCC_NO_COMMON_BLOCKS = YES;
				GCC_WARN_64_TO_32_BIT_CONVERSION = YES;
				GCC_WARN_ABOUT_RETURN_TYPE = YES_ERROR;
				GCC_WARN_UNDECLARED_SELECTOR = YES;
				GCC_WARN_UNINITIALIZED_AUTOS = YES_AGGRESSIVE;
				GCC_WARN_UNUSED_FUNCTION = YES;
				GCC_WARN_UNUSED_VARIABLE = YES;
				MACOSX_DEPLOYMENT_TARGET = 10.10;
				MTL_ENABLE_DEBUG_INFO = NO;
				SDKROOT = macosx;
			};
			name = Release;
		};
		01E97BBF1B1E0DA8007CB351 /* Debug */ = {
			isa = XCBuildConfiguration;
			buildSettings = {
				ASSETCATALOG_COMPILER_APPICON_NAME = AppIcon;
				CODE_SIGN_ENTITLEMENTS = Source/UIrowsExample.entitlements;
				COMBINE_HIDPI_IMAGES = YES;
				INFOPLIST_FILE = Source/Info.plist;
				LD_RUNPATH_SEARCH_PATHS = "$(inherited) @executable_path/../Frameworks";
				PRODUCT_NAME = DynamicScrollViewExample;
			};
			name = Debug;
		};
		01E97BC01B1E0DA8007CB351 /* Release */ = {
			isa = XCBuildConfiguration;
			buildSettings = {
				ASSETCATALOG_COMPILER_APPICON_NAME = AppIcon;
				CODE_SIGN_ENTITLEMENTS = Source/UIrowsExample.entitlements;
				COMBINE_HIDPI_IMAGES = YES;
				INFOPLIST_FILE = Source/Info.plist;
				LD_RUNPATH_SEARCH_PATHS = "$(inherited) @executable_path/../Frameworks";
				PRODUCT_NAME = DynamicScrollViewExample;
			};
			name = Release;
		};
		01E97BC21B1E0DA8007CB351 /* Debug */ = {
			isa = XCBuildConfiguration;
			buildSettings = {
				BUNDLE_LOADER = "$(TEST_HOST)";
				COMBINE_HIDPI_IMAGES = YES;
				FRAMEWORK_SEARCH_PATHS = (
					"$(DEVELOPER_FRAMEWORKS_DIR)",
					"$(inherited)",
				);
				GCC_PREPROCESSOR_DEFINITIONS = (
					"DEBUG=1",
					"$(inherited)",
				);
				INFOPLIST_FILE = UIrowsExampleTests/Info.plist;
				LD_RUNPATH_SEARCH_PATHS = "$(inherited) @executable_path/../Frameworks @loader_path/../Frameworks";
				PRODUCT_NAME = DynamicScrollViewExampleTests;
				TEST_HOST = "$(BUILT_PRODUCTS_DIR)/UIrowsExample.app/Contents/MacOS/UIrowsExample";
			};
			name = Debug;
		};
		01E97BC31B1E0DA8007CB351 /* Release */ = {
			isa = XCBuildConfiguration;
			buildSettings = {
				BUNDLE_LOADER = "$(TEST_HOST)";
				COMBINE_HIDPI_IMAGES = YES;
				FRAMEWORK_SEARCH_PATHS = (
					"$(DEVELOPER_FRAMEWORKS_DIR)",
					"$(inherited)",
				);
				INFOPLIST_FILE = UIrowsExampleTests/Info.plist;
				LD_RUNPATH_SEARCH_PATHS = "$(inherited) @executable_path/../Frameworks @loader_path/../Frameworks";
				PRODUCT_NAME = DynamicScrollViewExampleTests;
				TEST_HOST = "$(BUILT_PRODUCTS_DIR)/UIrowsExample.app/Contents/MacOS/UIrowsExample";
			};
			name = Release;
		};
/* End XCBuildConfiguration section */

/* Begin XCConfigurationList section */
		01E97B9A1B1E0DA7007CB351 /* Build configuration list for PBXProject "DynamicScrollViewExample" */ = {
			isa = XCConfigurationList;
			buildConfigurations = (
				01E97BBC1B1E0DA8007CB351 /* Debug */,
				01E97BBD1B1E0DA8007CB351 /* Release */,
			);
			defaultConfigurationIsVisible = 0;
			defaultConfigurationName = Release;
		};
		01E97BBE1B1E0DA8007CB351 /* Build configuration list for PBXNativeTarget "DynamicScrollViewExample" */ = {
			isa = XCConfigurationList;
			buildConfigurations = (
				01E97BBF1B1E0DA8007CB351 /* Debug */,
				01E97BC01B1E0DA8007CB351 /* Release */,
			);
			defaultConfigurationIsVisible = 0;
			defaultConfigurationName = Release;
		};
		01E97BC11B1E0DA8007CB351 /* Build configuration list for PBXNativeTarget "DynamicScrollViewExampleTests" */ = {
			isa = XCConfigurationList;
			buildConfigurations = (
				01E97BC21B1E0DA8007CB351 /* Debug */,
				01E97BC31B1E0DA8007CB351 /* Release */,
			);
			defaultConfigurationIsVisible = 0;
			defaultConfigurationName = Release;
		};
/* End XCConfigurationList section */

/* Begin XCVersionGroup section */
		01E97BA81B1E0DA7007CB351 /* UIrowsExample.xcdatamodeld */ = {
			isa = XCVersionGroup;
			children = (
				01E97BA91B1E0DA7007CB351 /* UIrowsExample.xcdatamodel */,
			);
			currentVersion = 01E97BA91B1E0DA7007CB351 /* UIrowsExample.xcdatamodel */;
			path = UIrowsExample.xcdatamodeld;
			sourceTree = "<group>";
			versionGroupType = wrapper.xcdatamodel;
		};
/* End XCVersionGroup section */
	};
	rootObject = 01E97B971B1E0DA7007CB351 /* Project object */;
}
